
Microsoft Visual Studio Solution File, Format Version 12.00
# Visual Studio Version 17
VisualStudioVersion = 17.0.31919.166
MinimumVisualStudioVersion = 10.0.40219.1
Project("{2150E333-8FDC-42A3-9474-1A3956D46DE8}") = "src", "src", "{1AC8A1C7-DC56-4141-8206-B36C26E13B9A}"
EndProject
Project("{2150E333-8FDC-42A3-9474-1A3956D46DE8}") = "test", "test", "{9E42F5EE-C17A-474B-9156-89D9A7921623}"
EndProject
Project("{2150E333-8FDC-42A3-9474-1A3956D46DE8}") = "API", "API", "{7BCFE05C-29BB-4097-8A2F-86A83B5AB932}"
EndProject
Project("{2150E333-8FDC-42A3-9474-1A3956D46DE8}") = "Core", "Core", "{BAFB5882-7884-48B8-B1EE-5E3DAEC7DA49}"
EndProject
Project("{2150E333-8FDC-42A3-9474-1A3956D46DE8}") = "Infrastructure", "Infrastructure", "{F202917E-F45E-4ED2-AD8C-7D4091CFAC14}"
EndProject
Project("{2150E333-8FDC-42A3-9474-1A3956D46DE8}") = "UI", "UI", "{1BFEEFF0-A1AE-4ABC-A3C5-3A1F712E077F}"
EndProject
Project("{9A19103F-16F7-4668-BE54-9A1E7A4F7556}") = "HR.LeaveManagement.Domain", "HR.LeaveManagement.Domain\HR.LeaveManagement.Domain.csproj", "{590E1F04-C535-4DEB-B81A-B21B29B1C73D}"
EndProject
Project("{9A19103F-16F7-4668-BE54-9A1E7A4F7556}") = "HR.LeaveManagement.Application", "HR.LeaveManagement.Application\HR.LeaveManagement.Application.csproj", "{FCFBCD5C-A0A6-43D9-AE3A-1E9A112FD2A6}"
EndProject
Project("{9A19103F-16F7-4668-BE54-9A1E7A4F7556}") = "HR.LeaveManagement.Infrastructure", "HR.LeaveManagement.Infrastructure\HR.LeaveManagement.Infrastructure.csproj", "{CCD15390-75EE-430D-B191-991162591617}"
EndProject
Project("{9A19103F-16F7-4668-BE54-9A1E7A4F7556}") = "HR.LeaveManagement.Persistence", "HR.LeaveManagement.Persistence\HR.LeaveManagement.Persistence.csproj", "{04791668-B482-43B9-AC62-726E1D1E2232}"
EndProject
Project("{FAE04EC0-301F-11D3-BF4B-00C04F79EFBC}") = "HR.LeaveManagement.Api", "HR.LeaveManagement.Api\HR.LeaveManagement.Api.csproj", "{D2B6B28E-9493-48AB-8108-8B5A6FFEBC3E}"
EndProject
Global
	GlobalSection(SolutionConfigurationPlatforms) = preSolution
		Debug|Any CPU = Debug|Any CPU
		Release|Any CPU = Release|Any CPU
	EndGlobalSection
	GlobalSection(ProjectConfigurationPlatforms) = postSolution
		{590E1F04-C535-4DEB-B81A-B21B29B1C73D}.Debug|Any CPU.ActiveCfg = Debug|Any CPU
		{590E1F04-C535-4DEB-B81A-B21B29B1C73D}.Debug|Any CPU.Build.0 = Debug|Any CPU
		{590E1F04-C535-4DEB-B81A-B21B29B1C73D}.Release|Any CPU.ActiveCfg = Release|Any CPU
		{590E1F04-C535-4DEB-B81A-B21B29B1C73D}.Release|Any CPU.Build.0 = Release|Any CPU
		{FCFBCD5C-A0A6-43D9-AE3A-1E9A112FD2A6}.Debug|Any CPU.ActiveCfg = Debug|Any CPU
		{FCFBCD5C-A0A6-43D9-AE3A-1E9A112FD2A6}.Debug|Any CPU.Build.0 = Debug|Any CPU
		{FCFBCD5C-A0A6-43D9-AE3A-1E9A112FD2A6}.Release|Any CPU.ActiveCfg = Release|Any CPU
		{FCFBCD5C-A0A6-43D9-AE3A-1E9A112FD2A6}.Release|Any CPU.Build.0 = Release|Any CPU
		{CCD15390-75EE-430D-B191-991162591617}.Debug|Any CPU.ActiveCfg = Debug|Any CPU
		{CCD15390-75EE-430D-B191-991162591617}.Debug|Any CPU.Build.0 = Debug|Any CPU
		{CCD15390-75EE-430D-B191-991162591617}.Release|Any CPU.ActiveCfg = Release|Any CPU
		{CCD15390-75EE-430D-B191-991162591617}.Release|Any CPU.Build.0 = Release|Any CPU
		{04791668-B482-43B9-AC62-726E1D1E2232}.Debug|Any CPU.ActiveCfg = Debug|Any CPU
		{04791668-B482-43B9-AC62-726E1D1E2232}.Debug|Any CPU.Build.0 = Debug|Any CPU
		{04791668-B482-43B9-AC62-726E1D1E2232}.Release|Any CPU.ActiveCfg = Release|Any CPU
		{04791668-B482-43B9-AC62-726E1D1E2232}.Release|Any CPU.Build.0 = Release|Any CPU
		{D2B6B28E-9493-48AB-8108-8B5A6FFEBC3E}.Debug|Any CPU.ActiveCfg = Debug|Any CPU
		{D2B6B28E-9493-48AB-8108-8B5A6FFEBC3E}.Debug|Any CPU.Build.0 = Debug|Any CPU
		{D2B6B28E-9493-48AB-8108-8B5A6FFEBC3E}.Release|Any CPU.ActiveCfg = Release|Any CPU
		{D2B6B28E-9493-48AB-8108-8B5A6FFEBC3E}.Release|Any CPU.Build.0 = Release|Any CPU
	EndGlobalSection
	GlobalSection(SolutionProperties) = preSolution
		HideSolutionNode = FALSE
	EndGlobalSection
	GlobalSection(NestedProjects) = preSolution
		{7BCFE05C-29BB-4097-8A2F-86A83B5AB932} = {1AC8A1C7-DC56-4141-8206-B36C26E13B9A}
		{BAFB5882-7884-48B8-B1EE-5E3DAEC7DA49} = {1AC8A1C7-DC56-4141-8206-B36C26E13B9A}
		{F202917E-F45E-4ED2-AD8C-7D4091CFAC14} = {1AC8A1C7-DC56-4141-8206-B36C26E13B9A}
		{1BFEEFF0-A1AE-4ABC-A3C5-3A1F712E077F} = {1AC8A1C7-DC56-4141-8206-B36C26E13B9A}
		{590E1F04-C535-4DEB-B81A-B21B29B1C73D} = {BAFB5882-7884-48B8-B1EE-5E3DAEC7DA49}
		{FCFBCD5C-A0A6-43D9-AE3A-1E9A112FD2A6} = {BAFB5882-7884-48B8-B1EE-5E3DAEC7DA49}
		{CCD15390-75EE-430D-B191-991162591617} = {F202917E-F45E-4ED2-AD8C-7D4091CFAC14}
		{04791668-B482-43B9-AC62-726E1D1E2232} = {F202917E-F45E-4ED2-AD8C-7D4091CFAC14}
		{D2B6B28E-9493-48AB-8108-8B5A6FFEBC3E} = {7BCFE05C-29BB-4097-8A2F-86A83B5AB932}
	EndGlobalSection
	GlobalSection(ExtensibilityGlobals) = postSolution
		SolutionGuid = {470A6F4C-5223-4FCC-8AAA-AF49A42A1989}
	EndGlobalSection
EndGlobal
